
Microsoft Visual Studio Solution File, Format Version 12.00
# Visual Studio 2012
VisualStudioVersion = 12.0.31101.0
MinimumVisualStudioVersion = 10.0.40219.1
Project("{FAE04EC0-301F-11D3-BF4B-00C04F79EFBC}") = "IntegrationEngine", "IntegrationEngine\IntegrationEngine.csproj", "{7D49353D-A68C-4ACA-A6A5-40B1C314C30E}"
EndProject
Project("{FAE04EC0-301F-11D3-BF4B-00C04F79EFBC}") = "IntegrationServer", "IntegrationServer\IntegrationServer.csproj", "{C273AE91-E13F-4443-8D01-9C97016AB4AC}"
EndProject
Project("{2150E333-8FDC-42A3-9474-1A3956D46DE8}") = "SolutionItems", "SolutionItems", "{DB65240B-C161-4B58-9EA8-3B490A36921E}"
	ProjectSection(SolutionItems) = preProject
		.gitignore = .gitignore
		.travis.yml = .travis.yml
		configuration\IntegrationEngine.json = configuration\IntegrationEngine.json
		configuration\IntegrationEngine.nlog.xml = configuration\IntegrationEngine.nlog.xml
		scripts\package.cmd = scripts\package.cmd
		README.md = README.md
		scripts\release.cmd = scripts\release.cmd
		configuration\SharedAssemblyInfo.cs = configuration\SharedAssemblyInfo.cs
	EndProjectSection
EndProject
Project("{FAE04EC0-301F-11D3-BF4B-00C04F79EFBC}") = "IntegrationEngine.Core", "IntegrationEngine.Core\IntegrationEngine.Core.csproj", "{3F3794D7-4078-4D26-954C-7864173EDD86}"
EndProject
Project("{FAE04EC0-301F-11D3-BF4B-00C04F79EFBC}") = "IntegrationEngine.Model", "IntegrationEngine.Model\IntegrationEngine.Model.csproj", "{0B499FE4-0BDB-4080-BCB7-F8D4CE54A4FF}"
EndProject
Project("{FAE04EC0-301F-11D3-BF4B-00C04F79EFBC}") = "IntegrationEngine.Model.net40", "IntegrationEngine.Model.net40\IntegrationEngine.Model.net40.csproj", "{DFCD19CE-A96A-4B19-8CF1-9CAC560E7F42}"
EndProject
Project("{2150E333-8FDC-42A3-9474-1A3956D46DE8}") = ".nuget", ".nuget", "{A9C5DD3E-D1C3-4E35-80EC-206185A335AE}"
	ProjectSection(SolutionItems) = preProject
		.nuget\NuGet.Config = .nuget\NuGet.Config
	EndProjectSection
EndProject
Project("{FAE04EC0-301F-11D3-BF4B-00C04F79EFBC}") = "IntegrationEngine.Tests", "IntegrationEngine.Tests\IntegrationEngine.Tests.csproj", "{E4B53AFA-BF0F-47DB-B765-100F8B60BA40}"
EndProject
Project("{FAE04EC0-301F-11D3-BF4B-00C04F79EFBC}") = "IntegrationEngine.Client", "IntegrationEngine.Client\IntegrationEngine.Client.csproj", "{F3FCB706-F0DD-46C1-B121-785757FAE9B9}"
EndProject
Project("{FAE04EC0-301F-11D3-BF4B-00C04F79EFBC}") = "IntegrationEngine.Client.net40", "IntegrationEngine.Client.net40\IntegrationEngine.Client.net40.csproj", "{BBF7B784-DF72-4561-92B9-4021B5F7D8E3}"
EndProject
Project("{FAE04EC0-301F-11D3-BF4B-00C04F79EFBC}") = "IntegrationEngine.ConsoleClient", "IntegrationEngine.ConsoleClient\IntegrationEngine.ConsoleClient.csproj", "{46DB723B-F767-4F5A-A1DA-53A6CF13704B}"
EndProject
Project("{FAE04EC0-301F-11D3-BF4B-00C04F79EFBC}") = "IntegrationEngine.Model.Tests", "IntegrationEngine.Model.Tests\IntegrationEngine.Model.Tests.csproj", "{F999051E-B715-4AB9-A3B2-0D91A896A2C2}"
EndProject
Project("{FAE04EC0-301F-11D3-BF4B-00C04F79EFBC}") = "IntegrationEngine.Core.Tests", "IntegrationEngine.Core.Tests\IntegrationEngine.Core.Tests.csproj", "{04E1E96C-7FDD-426C-BF60-6B45820ED1E5}"
EndProject
Project("{FAE04EC0-301F-11D3-BF4B-00C04F79EFBC}") = "IntegrationEngine.Client.Tests", "IntegrationEngine.Client.Tests\IntegrationEngine.Client.Tests.csproj", "{8F491136-6C38-4A8E-BFEA-9234FB981414}"
EndProject
Project("{FAE04EC0-301F-11D3-BF4B-00C04F79EFBC}") = "IntegrationEngine.Core.net40", "IntegrationEngine.Core.net40\IntegrationEngine.Core.net40.csproj", "{9332D22A-0D09-4DA7-B2F9-6DE7E9F28715}"
EndProject
Project("{FAE04EC0-301F-11D3-BF4B-00C04F79EFBC}") = "IntegrationServer.Tests", "IntegrationServer.Tests\IntegrationServer.Tests.csproj", "{2E912FF3-B29A-441E-B32D-4647EA33F490}"
EndProject
Global
	GlobalSection(SolutionConfigurationPlatforms) = preSolution
		Debug|Any CPU = Debug|Any CPU
		Debug|Mixed Platforms = Debug|Mixed Platforms
		Debug|x86 = Debug|x86
		Release|Any CPU = Release|Any CPU
		Release|Mixed Platforms = Release|Mixed Platforms
		Release|x86 = Release|x86
	EndGlobalSection
	GlobalSection(ProjectConfigurationPlatforms) = postSolution
		{04E1E96C-7FDD-426C-BF60-6B45820ED1E5}.Debug|Any CPU.ActiveCfg = Debug|Any CPU
		{04E1E96C-7FDD-426C-BF60-6B45820ED1E5}.Debug|Any CPU.Build.0 = Debug|Any CPU
		{04E1E96C-7FDD-426C-BF60-6B45820ED1E5}.Debug|Mixed Platforms.ActiveCfg = Debug|Any CPU
		{04E1E96C-7FDD-426C-BF60-6B45820ED1E5}.Debug|Mixed Platforms.Build.0 = Debug|Any CPU
		{04E1E96C-7FDD-426C-BF60-6B45820ED1E5}.Debug|x86.ActiveCfg = Debug|Any CPU
		{04E1E96C-7FDD-426C-BF60-6B45820ED1E5}.Release|Any CPU.ActiveCfg = Release|Any CPU
		{04E1E96C-7FDD-426C-BF60-6B45820ED1E5}.Release|Any CPU.Build.0 = Release|Any CPU
		{04E1E96C-7FDD-426C-BF60-6B45820ED1E5}.Release|Mixed Platforms.ActiveCfg = Release|Any CPU
		{04E1E96C-7FDD-426C-BF60-6B45820ED1E5}.Release|Mixed Platforms.Build.0 = Release|Any CPU
		{04E1E96C-7FDD-426C-BF60-6B45820ED1E5}.Release|x86.ActiveCfg = Release|Any CPU
		{0B499FE4-0BDB-4080-BCB7-F8D4CE54A4FF}.Debug|Any CPU.ActiveCfg = Debug|Any CPU
		{0B499FE4-0BDB-4080-BCB7-F8D4CE54A4FF}.Debug|Any CPU.Build.0 = Debug|Any CPU
		{0B499FE4-0BDB-4080-BCB7-F8D4CE54A4FF}.Debug|Mixed Platforms.ActiveCfg = Debug|Any CPU
		{0B499FE4-0BDB-4080-BCB7-F8D4CE54A4FF}.Debug|Mixed Platforms.Build.0 = Debug|Any CPU
		{0B499FE4-0BDB-4080-BCB7-F8D4CE54A4FF}.Debug|x86.ActiveCfg = Debug|Any CPU
		{0B499FE4-0BDB-4080-BCB7-F8D4CE54A4FF}.Release|Any CPU.ActiveCfg = Release|Any CPU
		{0B499FE4-0BDB-4080-BCB7-F8D4CE54A4FF}.Release|Any CPU.Build.0 = Release|Any CPU
		{0B499FE4-0BDB-4080-BCB7-F8D4CE54A4FF}.Release|Mixed Platforms.ActiveCfg = Release|Any CPU
		{0B499FE4-0BDB-4080-BCB7-F8D4CE54A4FF}.Release|Mixed Platforms.Build.0 = Release|Any CPU
		{0B499FE4-0BDB-4080-BCB7-F8D4CE54A4FF}.Release|x86.ActiveCfg = Release|Any CPU
		{2E912FF3-B29A-441E-B32D-4647EA33F490}.Debug|Any CPU.ActiveCfg = Debug|Any CPU
		{2E912FF3-B29A-441E-B32D-4647EA33F490}.Debug|Any CPU.Build.0 = Debug|Any CPU
		{2E912FF3-B29A-441E-B32D-4647EA33F490}.Debug|Mixed Platforms.ActiveCfg = Debug|Any CPU
		{2E912FF3-B29A-441E-B32D-4647EA33F490}.Debug|Mixed Platforms.Build.0 = Debug|Any CPU
		{2E912FF3-B29A-441E-B32D-4647EA33F490}.Debug|x86.ActiveCfg = Debug|Any CPU
		{2E912FF3-B29A-441E-B32D-4647EA33F490}.Debug|x86.Build.0 = Debug|Any CPU
		{2E912FF3-B29A-441E-B32D-4647EA33F490}.Release|Any CPU.ActiveCfg = Release|Any CPU
		{2E912FF3-B29A-441E-B32D-4647EA33F490}.Release|Any CPU.Build.0 = Release|Any CPU
		{2E912FF3-B29A-441E-B32D-4647EA33F490}.Release|Mixed Platforms.ActiveCfg = Release|Any CPU
		{2E912FF3-B29A-441E-B32D-4647EA33F490}.Release|Mixed Platforms.Build.0 = Release|Any CPU
		{2E912FF3-B29A-441E-B32D-4647EA33F490}.Release|x86.ActiveCfg = Release|Any CPU
		{2E912FF3-B29A-441E-B32D-4647EA33F490}.Release|x86.Build.0 = Release|Any CPU
		{3F3794D7-4078-4D26-954C-7864173EDD86}.Debug|Any CPU.ActiveCfg = Debug|Any CPU
		{3F3794D7-4078-4D26-954C-7864173EDD86}.Debug|Any CPU.Build.0 = Debug|Any CPU
		{3F3794D7-4078-4D26-954C-7864173EDD86}.Debug|Mixed Platforms.ActiveCfg = Debug|Any CPU
		{3F3794D7-4078-4D26-954C-7864173EDD86}.Debug|Mixed Platforms.Build.0 = Debug|Any CPU
		{3F3794D7-4078-4D26-954C-7864173EDD86}.Debug|x86.ActiveCfg = Debug|Any CPU
		{3F3794D7-4078-4D26-954C-7864173EDD86}.Release|Any CPU.ActiveCfg = Release|Any CPU
		{3F3794D7-4078-4D26-954C-7864173EDD86}.Release|Any CPU.Build.0 = Release|Any CPU
		{3F3794D7-4078-4D26-954C-7864173EDD86}.Release|Mixed Platforms.ActiveCfg = Release|Any CPU
		{3F3794D7-4078-4D26-954C-7864173EDD86}.Release|Mixed Platforms.Build.0 = Release|Any CPU
		{3F3794D7-4078-4D26-954C-7864173EDD86}.Release|x86.ActiveCfg = Release|Any CPU
		{46DB723B-F767-4F5A-A1DA-53A6CF13704B}.Debug|Any CPU.ActiveCfg = Debug|Any CPU
		{46DB723B-F767-4F5A-A1DA-53A6CF13704B}.Debug|Any CPU.Build.0 = Debug|Any CPU
		{46DB723B-F767-4F5A-A1DA-53A6CF13704B}.Debug|Mixed Platforms.ActiveCfg = Debug|Any CPU
		{46DB723B-F767-4F5A-A1DA-53A6CF13704B}.Debug|Mixed Platforms.Build.0 = Debug|Any CPU
		{46DB723B-F767-4F5A-A1DA-53A6CF13704B}.Debug|x86.ActiveCfg = Debug|Any CPU
		{46DB723B-F767-4F5A-A1DA-53A6CF13704B}.Release|Any CPU.ActiveCfg = Release|Any CPU
		{46DB723B-F767-4F5A-A1DA-53A6CF13704B}.Release|Any CPU.Build.0 = Release|Any CPU
		{46DB723B-F767-4F5A-A1DA-53A6CF13704B}.Release|Mixed Platforms.ActiveCfg = Release|Any CPU
		{46DB723B-F767-4F5A-A1DA-53A6CF13704B}.Release|Mixed Platforms.Build.0 = Release|Any CPU
		{46DB723B-F767-4F5A-A1DA-53A6CF13704B}.Release|x86.ActiveCfg = Release|Any CPU
		{7D49353D-A68C-4ACA-A6A5-40B1C314C30E}.Debug|Any CPU.ActiveCfg = Debug|Any CPU
		{7D49353D-A68C-4ACA-A6A5-40B1C314C30E}.Debug|Any CPU.Build.0 = Debug|Any CPU
		{7D49353D-A68C-4ACA-A6A5-40B1C314C30E}.Debug|Mixed Platforms.ActiveCfg = Debug|x86
		{7D49353D-A68C-4ACA-A6A5-40B1C314C30E}.Debug|Mixed Platforms.Build.0 = Debug|x86
		{7D49353D-A68C-4ACA-A6A5-40B1C314C30E}.Debug|x86.ActiveCfg = Debug|x86
		{7D49353D-A68C-4ACA-A6A5-40B1C314C30E}.Debug|x86.Build.0 = Debug|x86
		{7D49353D-A68C-4ACA-A6A5-40B1C314C30E}.Release|Any CPU.ActiveCfg = Release|Any CPU
		{7D49353D-A68C-4ACA-A6A5-40B1C314C30E}.Release|Any CPU.Build.0 = Release|Any CPU
		{7D49353D-A68C-4ACA-A6A5-40B1C314C30E}.Release|Mixed Platforms.ActiveCfg = Release|x86
		{7D49353D-A68C-4ACA-A6A5-40B1C314C30E}.Release|Mixed Platforms.Build.0 = Release|x86
		{7D49353D-A68C-4ACA-A6A5-40B1C314C30E}.Release|x86.ActiveCfg = Release|x86
		{7D49353D-A68C-4ACA-A6A5-40B1C314C30E}.Release|x86.Build.0 = Release|x86
		{8F491136-6C38-4A8E-BFEA-9234FB981414}.Debug|Any CPU.ActiveCfg = Debug|Any CPU
		{8F491136-6C38-4A8E-BFEA-9234FB981414}.Debug|Any CPU.Build.0 = Debug|Any CPU
		{8F491136-6C38-4A8E-BFEA-9234FB981414}.Debug|Mixed Platforms.ActiveCfg = Debug|Any CPU
		{8F491136-6C38-4A8E-BFEA-9234FB981414}.Debug|Mixed Platforms.Build.0 = Debug|Any CPU
		{8F491136-6C38-4A8E-BFEA-9234FB981414}.Debug|x86.ActiveCfg = Debug|Any CPU
		{8F491136-6C38-4A8E-BFEA-9234FB981414}.Release|Any CPU.ActiveCfg = Release|Any CPU
		{8F491136-6C38-4A8E-BFEA-9234FB981414}.Release|Any CPU.Build.0 = Release|Any CPU
		{8F491136-6C38-4A8E-BFEA-9234FB981414}.Release|Mixed Platforms.ActiveCfg = Release|Any CPU
		{8F491136-6C38-4A8E-BFEA-9234FB981414}.Release|Mixed Platforms.Build.0 = Release|Any CPU
		{8F491136-6C38-4A8E-BFEA-9234FB981414}.Release|x86.ActiveCfg = Release|Any CPU
		{9332D22A-0D09-4DA7-B2F9-6DE7E9F28715}.Debug|Any CPU.ActiveCfg = Debug|Any CPU
		{9332D22A-0D09-4DA7-B2F9-6DE7E9F28715}.Debug|Any CPU.Build.0 = Debug|Any CPU
		{9332D22A-0D09-4DA7-B2F9-6DE7E9F28715}.Debug|Mixed Platforms.ActiveCfg = Debug|Any CPU
		{9332D22A-0D09-4DA7-B2F9-6DE7E9F28715}.Debug|Mixed Platforms.Build.0 = Debug|Any CPU
		{9332D22A-0D09-4DA7-B2F9-6DE7E9F28715}.Debug|x86.ActiveCfg = Debug|Any CPU
		{9332D22A-0D09-4DA7-B2F9-6DE7E9F28715}.Release|Any CPU.ActiveCfg = Release|Any CPU
		{9332D22A-0D09-4DA7-B2F9-6DE7E9F28715}.Release|Any CPU.Build.0 = Release|Any CPU
		{9332D22A-0D09-4DA7-B2F9-6DE7E9F28715}.Release|Mixed Platforms.ActiveCfg = Release|Any CPU
		{9332D22A-0D09-4DA7-B2F9-6DE7E9F28715}.Release|Mixed Platforms.Build.0 = Release|Any CPU
		{9332D22A-0D09-4DA7-B2F9-6DE7E9F28715}.Release|x86.ActiveCfg = Release|Any CPU
		{BBF7B784-DF72-4561-92B9-4021B5F7D8E3}.Debug|Any CPU.ActiveCfg = Debug|Any CPU
		{BBF7B784-DF72-4561-92B9-4021B5F7D8E3}.Debug|Any CPU.Build.0 = Debug|Any CPU
		{BBF7B784-DF72-4561-92B9-4021B5F7D8E3}.Debug|Mixed Platforms.ActiveCfg = Debug|Any CPU
		{BBF7B784-DF72-4561-92B9-4021B5F7D8E3}.Debug|Mixed Platforms.Build.0 = Debug|Any CPU
		{BBF7B784-DF72-4561-92B9-4021B5F7D8E3}.Debug|x86.ActiveCfg = Debug|Any CPU
		{BBF7B784-DF72-4561-92B9-4021B5F7D8E3}.Release|Any CPU.ActiveCfg = Release|Any CPU
		{BBF7B784-DF72-4561-92B9-4021B5F7D8E3}.Release|Any CPU.Build.0 = Release|Any CPU
		{BBF7B784-DF72-4561-92B9-4021B5F7D8E3}.Release|Mixed Platforms.ActiveCfg = Release|Any CPU
		{BBF7B784-DF72-4561-92B9-4021B5F7D8E3}.Release|Mixed Platforms.Build.0 = Release|Any CPU
		{BBF7B784-DF72-4561-92B9-4021B5F7D8E3}.Release|x86.ActiveCfg = Release|Any CPU
		{C273AE91-E13F-4443-8D01-9C97016AB4AC}.Debug|Any CPU.ActiveCfg = Debug|Any CPU
		{C273AE91-E13F-4443-8D01-9C97016AB4AC}.Debug|Any CPU.Build.0 = Debug|Any CPU
		{C273AE91-E13F-4443-8D01-9C97016AB4AC}.Debug|Mixed Platforms.ActiveCfg = Debug|x86
		{C273AE91-E13F-4443-8D01-9C97016AB4AC}.Debug|Mixed Platforms.Build.0 = Debug|x86
		{C273AE91-E13F-4443-8D01-9C97016AB4AC}.Debug|x86.ActiveCfg = Debug|x86
		{C273AE91-E13F-4443-8D01-9C97016AB4AC}.Debug|x86.Build.0 = Debug|x86
		{C273AE91-E13F-4443-8D01-9C97016AB4AC}.Release|Any CPU.ActiveCfg = Release|Any CPU
		{C273AE91-E13F-4443-8D01-9C97016AB4AC}.Release|Any CPU.Build.0 = Release|Any CPU
		{C273AE91-E13F-4443-8D01-9C97016AB4AC}.Release|Mixed Platforms.ActiveCfg = Release|x86
		{C273AE91-E13F-4443-8D01-9C97016AB4AC}.Release|Mixed Platforms.Build.0 = Release|x86
		{C273AE91-E13F-4443-8D01-9C97016AB4AC}.Release|x86.ActiveCfg = Release|x86
		{C273AE91-E13F-4443-8D01-9C97016AB4AC}.Release|x86.Build.0 = Release|x86
		{DFCD19CE-A96A-4B19-8CF1-9CAC560E7F42}.Debug|Any CPU.ActiveCfg = Debug|Any CPU
		{DFCD19CE-A96A-4B19-8CF1-9CAC560E7F42}.Debug|Any CPU.Build.0 = Debug|Any CPU
		{DFCD19CE-A96A-4B19-8CF1-9CAC560E7F42}.Debug|Mixed Platforms.ActiveCfg = Debug|Any CPU
		{DFCD19CE-A96A-4B19-8CF1-9CAC560E7F42}.Debug|Mixed Platforms.Build.0 = Debug|Any CPU
		{DFCD19CE-A96A-4B19-8CF1-9CAC560E7F42}.Debug|x86.ActiveCfg = Debug|Any CPU
		{DFCD19CE-A96A-4B19-8CF1-9CAC560E7F42}.Release|Any CPU.ActiveCfg = Release|Any CPU
		{DFCD19CE-A96A-4B19-8CF1-9CAC560E7F42}.Release|Any CPU.Build.0 = Release|Any CPU
		{DFCD19CE-A96A-4B19-8CF1-9CAC560E7F42}.Release|Mixed Platforms.ActiveCfg = Release|Any CPU
		{DFCD19CE-A96A-4B19-8CF1-9CAC560E7F42}.Release|Mixed Platforms.Build.0 = Release|Any CPU
		{DFCD19CE-A96A-4B19-8CF1-9CAC560E7F42}.Release|x86.ActiveCfg = Release|Any CPU
		{E4B53AFA-BF0F-47DB-B765-100F8B60BA40}.Debug|Any CPU.ActiveCfg = Debug|Any CPU
		{E4B53AFA-BF0F-47DB-B765-100F8B60BA40}.Debug|Any CPU.Build.0 = Debug|Any CPU
		{E4B53AFA-BF0F-47DB-B765-100F8B60BA40}.Debug|Mixed Platforms.ActiveCfg = Debug|Any CPU
		{E4B53AFA-BF0F-47DB-B765-100F8B60BA40}.Debug|Mixed Platforms.Build.0 = Debug|Any CPU
		{E4B53AFA-BF0F-47DB-B765-100F8B60BA40}.Debug|x86.ActiveCfg = Debug|Any CPU
		{E4B53AFA-BF0F-47DB-B765-100F8B60BA40}.Release|Any CPU.ActiveCfg = Release|Any CPU
		{E4B53AFA-BF0F-47DB-B765-100F8B60BA40}.Release|Any CPU.Build.0 = Release|Any CPU
		{E4B53AFA-BF0F-47DB-B765-100F8B60BA40}.Release|Mixed Platforms.ActiveCfg = Release|Any CPU
		{E4B53AFA-BF0F-47DB-B765-100F8B60BA40}.Release|Mixed Platforms.Build.0 = Release|Any CPU
		{E4B53AFA-BF0F-47DB-B765-100F8B60BA40}.Release|x86.ActiveCfg = Release|Any CPU
		{F3FCB706-F0DD-46C1-B121-785757FAE9B9}.Debug|Any CPU.ActiveCfg = Debug|Any CPU
		{F3FCB706-F0DD-46C1-B121-785757FAE9B9}.Debug|Any CPU.Build.0 = Debug|Any CPU
		{F3FCB706-F0DD-46C1-B121-785757FAE9B9}.Debug|Mixed Platforms.ActiveCfg = Debug|Any CPU
		{F3FCB706-F0DD-46C1-B121-785757FAE9B9}.Debug|Mixed Platforms.Build.0 = Debug|Any CPU
		{F3FCB706-F0DD-46C1-B121-785757FAE9B9}.Debug|x86.ActiveCfg = Debug|Any CPU
		{F3FCB706-F0DD-46C1-B121-785757FAE9B9}.Release|Any CPU.ActiveCfg = Release|Any CPU
		{F3FCB706-F0DD-46C1-B121-785757FAE9B9}.Release|Any CPU.Build.0 = Release|Any CPU
		{F3FCB706-F0DD-46C1-B121-785757FAE9B9}.Release|Mixed Platforms.ActiveCfg = Release|Any CPU
		{F3FCB706-F0DD-46C1-B121-785757FAE9B9}.Release|Mixed Platforms.Build.0 = Release|Any CPU
		{F3FCB706-F0DD-46C1-B121-785757FAE9B9}.Release|x86.ActiveCfg = Release|Any CPU
		{F999051E-B715-4AB9-A3B2-0D91A896A2C2}.Debug|Any CPU.ActiveCfg = Debug|Any CPU
		{F999051E-B715-4AB9-A3B2-0D91A896A2C2}.Debug|Any CPU.Build.0 = Debug|Any CPU
		{F999051E-B715-4AB9-A3B2-0D91A896A2C2}.Debug|Mixed Platforms.ActiveCfg = Debug|Any CPU
		{F999051E-B715-4AB9-A3B2-0D91A896A2C2}.Debug|Mixed Platforms.Build.0 = Debug|Any CPU
		{F999051E-B715-4AB9-A3B2-0D91A896A2C2}.Debug|x86.ActiveCfg = Debug|Any CPU
		{F999051E-B715-4AB9-A3B2-0D91A896A2C2}.Release|Any CPU.ActiveCfg = Release|Any CPU
		{F999051E-B715-4AB9-A3B2-0D91A896A2C2}.Release|Any CPU.Build.0 = Release|Any CPU
		{F999051E-B715-4AB9-A3B2-0D91A896A2C2}.Release|Mixed Platforms.ActiveCfg = Release|Any CPU
		{F999051E-B715-4AB9-A3B2-0D91A896A2C2}.Release|Mixed Platforms.Build.0 = Release|Any CPU
		{F999051E-B715-4AB9-A3B2-0D91A896A2C2}.Release|x86.ActiveCfg = Release|Any CPU
	EndGlobalSection
	GlobalSection(NestedProjects) = preSolution
	EndGlobalSection
	GlobalSection(SolutionProperties) = preSolution
		HideSolutionNode = FALSE
	EndGlobalSection
EndGlobal
