
Microsoft Visual Studio Solution File, Format Version 12.00
# Visual Studio 2012
Project("{FAE04EC0-301F-11D3-BF4B-00C04F79EFBC}") = "IntegrationEngine", "IntegrationEngine\IntegrationEngine.csproj", "{7D49353D-A68C-4ACA-A6A5-40B1C314C30E}"
EndProject
Global
	GlobalSection(SolutionConfigurationPlatforms) = preSolution
		Debug|x86 = Debug|x86
		Release|x86 = Release|x86
	EndGlobalSection
	GlobalSection(ProjectConfigurationPlatforms) = postSolution
		{7D49353D-A68C-4ACA-A6A5-40B1C314C30E}.Debug|x86.ActiveCfg = Debug|x86
		{7D49353D-A68C-4ACA-A6A5-40B1C314C30E}.Debug|x86.Build.0 = Debug|x86
		{7D49353D-A68C-4ACA-A6A5-40B1C314C30E}.Release|x86.ActiveCfg = Release|x86
		{7D49353D-A68C-4ACA-A6A5-40B1C314C30E}.Release|x86.Build.0 = Release|x86
	EndGlobalSection
	GlobalSection(MonoDevelopProperties) = preSolution
		StartupItem = IntegrationEngine\IntegrationEngine.csproj
	EndGlobalSection
EndGlobal
